// !$*UTF8*$!
{
	archiveVersion = 1;
	classes = {
	};
	objectVersion = 52;
	objects = {

/* Begin PBXBuildFile section */
		3E89CEB6256E167D00B05752 /* AudioMeterView.swift in Sources */ = {isa = PBXBuildFile; fileRef = 3E89CEB4256E167D00B05752 /* AudioMeterView.swift */; };
		3E89CEBA256E244200B05752 /* SegmentedProgressView.swift in Sources */ = {isa = PBXBuildFile; fileRef = 3E89CEB9256E244200B05752 /* SegmentedProgressView.swift */; };
		3E89CECE256E33F600B05752 /* StatusBarView.swift in Sources */ = {isa = PBXBuildFile; fileRef = 3E89CECD256E33F600B05752 /* StatusBarView.swift */; };
		3E89CEFC256E6BA000B05752 /* TouchBarHelper in Frameworks */ = {isa = PBXBuildFile; productRef = 3E89CEFB256E6BA000B05752 /* TouchBarHelper */; };
		3E89CEFE256E6C5C00B05752 /* TouchBarController.swift in Sources */ = {isa = PBXBuildFile; fileRef = 3E89CEFD256E6C5C00B05752 /* TouchBarController.swift */; };
		3E89CF03256E767300B05752 /* visualizerItem.swift in Sources */ = {isa = PBXBuildFile; fileRef = 3E89CF02256E767300B05752 /* visualizerItem.swift */; };
		3EE875A3256CF81B008682F9 /* AppDelegate.swift in Sources */ = {isa = PBXBuildFile; fileRef = 3EE875A2256CF81B008682F9 /* AppDelegate.swift */; };
		3EE875A7256CF81D008682F9 /* Assets.xcassets in Resources */ = {isa = PBXBuildFile; fileRef = 3EE875A6256CF81D008682F9 /* Assets.xcassets */; };
		3EE875AA256CF81D008682F9 /* Preview Assets.xcassets in Resources */ = {isa = PBXBuildFile; fileRef = 3EE875A9256CF81D008682F9 /* Preview Assets.xcassets */; };
		3EE875AD256CF81D008682F9 /* Main.storyboard in Resources */ = {isa = PBXBuildFile; fileRef = 3EE875AB256CF81D008682F9 /* Main.storyboard */; };
		3EE875B8256CFE84008682F9 /* StatusBarController.swift in Sources */ = {isa = PBXBuildFile; fileRef = 3EE875B7256CFE84008682F9 /* StatusBarController.swift */; };
		3EE875BB256D007B008682F9 /* EventMonitor.swift in Sources */ = {isa = PBXBuildFile; fileRef = 3EE875BA256D007B008682F9 /* EventMonitor.swift */; };
		3EF93C2B256D4BB500B30868 /* AudioCapture.swift in Sources */ = {isa = PBXBuildFile; fileRef = 3EF93C2A256D4BB500B30868 /* AudioCapture.swift */; };
/* End PBXBuildFile section */

/* Begin PBXCopyFilesBuildPhase section */
		3E89CEF1256E5F5D00B05752 /* Embed Frameworks */ = {
			isa = PBXCopyFilesBuildPhase;
			buildActionMask = 2147483647;
			dstPath = "";
			dstSubfolderSpec = 10;
			files = (
			);
			name = "Embed Frameworks";
			runOnlyForDeploymentPostprocessing = 0;
		};
/* End PBXCopyFilesBuildPhase section */

/* Begin PBXFileReference section */
		3E89CEB4256E167D00B05752 /* AudioMeterView.swift */ = {isa = PBXFileReference; fileEncoding = 4; lastKnownFileType = sourcecode.swift; path = AudioMeterView.swift; sourceTree = "<group>"; };
		3E89CEB9256E244200B05752 /* SegmentedProgressView.swift */ = {isa = PBXFileReference; lastKnownFileType = sourcecode.swift; path = SegmentedProgressView.swift; sourceTree = "<group>"; };
		3E89CECD256E33F600B05752 /* StatusBarView.swift */ = {isa = PBXFileReference; lastKnownFileType = sourcecode.swift; path = StatusBarView.swift; sourceTree = "<group>"; };
		3E89CEFD256E6C5C00B05752 /* TouchBarController.swift */ = {isa = PBXFileReference; lastKnownFileType = sourcecode.swift; path = TouchBarController.swift; sourceTree = "<group>"; };
		3E89CF02256E767300B05752 /* visualizerItem.swift */ = {isa = PBXFileReference; lastKnownFileType = sourcecode.swift; path = visualizerItem.swift; sourceTree = "<group>"; };
		3EE8759F256CF81B008682F9 /* MVTouchBar.app */ = {isa = PBXFileReference; explicitFileType = wrapper.application; includeInIndex = 0; path = MVTouchBar.app; sourceTree = BUILT_PRODUCTS_DIR; };
		3EE875A2256CF81B008682F9 /* AppDelegate.swift */ = {isa = PBXFileReference; lastKnownFileType = sourcecode.swift; path = AppDelegate.swift; sourceTree = "<group>"; };
		3EE875A6256CF81D008682F9 /* Assets.xcassets */ = {isa = PBXFileReference; lastKnownFileType = folder.assetcatalog; path = Assets.xcassets; sourceTree = "<group>"; };
		3EE875A9256CF81D008682F9 /* Preview Assets.xcassets */ = {isa = PBXFileReference; lastKnownFileType = folder.assetcatalog; path = "Preview Assets.xcassets"; sourceTree = "<group>"; };
		3EE875AC256CF81D008682F9 /* Base */ = {isa = PBXFileReference; lastKnownFileType = file.storyboard; name = Base; path = Base.lproj/Main.storyboard; sourceTree = "<group>"; };
		3EE875AE256CF81D008682F9 /* Info.plist */ = {isa = PBXFileReference; lastKnownFileType = text.plist.xml; path = Info.plist; sourceTree = "<group>"; };
		3EE875AF256CF81D008682F9 /* MVTouchBar.entitlements */ = {isa = PBXFileReference; lastKnownFileType = text.plist.entitlements; path = MVTouchBar.entitlements; sourceTree = "<group>"; };
		3EE875B7256CFE84008682F9 /* StatusBarController.swift */ = {isa = PBXFileReference; lastKnownFileType = sourcecode.swift; path = StatusBarController.swift; sourceTree = "<group>"; };
		3EE875BA256D007B008682F9 /* EventMonitor.swift */ = {isa = PBXFileReference; lastKnownFileType = sourcecode.swift; path = EventMonitor.swift; sourceTree = "<group>"; };
		3EF93C2A256D4BB500B30868 /* AudioCapture.swift */ = {isa = PBXFileReference; fileEncoding = 4; lastKnownFileType = sourcecode.swift; path = AudioCapture.swift; sourceTree = "<group>"; };
/* End PBXFileReference section */

/* Begin PBXFrameworksBuildPhase section */
		3EE8759C256CF81B008682F9 /* Frameworks */ = {
			isa = PBXFrameworksBuildPhase;
			buildActionMask = 2147483647;
			files = (
				3E89CEFC256E6BA000B05752 /* TouchBarHelper in Frameworks */,
			);
			runOnlyForDeploymentPostprocessing = 0;
		};
/* End PBXFrameworksBuildPhase section */

/* Begin PBXGroup section */
		3E89CED4256E5E0A00B05752 /* Frameworks */ = {
			isa = PBXGroup;
			children = (
			);
			name = Frameworks;
			sourceTree = "<group>";
		};
		3EE87596256CF81B008682F9 = {
			isa = PBXGroup;
			children = (
				3EE875A1256CF81B008682F9 /* MVTouchBar */,
				3EE875A0256CF81B008682F9 /* Products */,
				3E89CED4256E5E0A00B05752 /* Frameworks */,
			);
			sourceTree = "<group>";
		};
		3EE875A0256CF81B008682F9 /* Products */ = {
			isa = PBXGroup;
			children = (
				3EE8759F256CF81B008682F9 /* MVTouchBar.app */,
			);
			name = Products;
			sourceTree = "<group>";
		};
		3EE875A1256CF81B008682F9 /* MVTouchBar */ = {
			isa = PBXGroup;
			children = (
				3EF93C2A256D4BB500B30868 /* AudioCapture.swift */,
				3EE875A2256CF81B008682F9 /* AppDelegate.swift */,
				3E89CEFD256E6C5C00B05752 /* TouchBarController.swift */,
				3E89CF02256E767300B05752 /* visualizerItem.swift */,
				3EE875BA256D007B008682F9 /* EventMonitor.swift */,
				3EE875B7256CFE84008682F9 /* StatusBarController.swift */,
				3E89CECD256E33F600B05752 /* StatusBarView.swift */,
				3EE875A6256CF81D008682F9 /* Assets.xcassets */,
				3EE875AB256CF81D008682F9 /* Main.storyboard */,
				3EE875AE256CF81D008682F9 /* Info.plist */,
				3EE875AF256CF81D008682F9 /* MVTouchBar.entitlements */,
				3E89CEB4256E167D00B05752 /* AudioMeterView.swift */,
				3E89CEB9256E244200B05752 /* SegmentedProgressView.swift */,
				3EE875A8256CF81D008682F9 /* Preview Content */,
			);
			path = MVTouchBar;
			sourceTree = "<group>";
		};
		3EE875A8256CF81D008682F9 /* Preview Content */ = {
			isa = PBXGroup;
			children = (
				3EE875A9256CF81D008682F9 /* Preview Assets.xcassets */,
			);
			path = "Preview Content";
			sourceTree = "<group>";
		};
/* End PBXGroup section */

/* Begin PBXNativeTarget section */
		3EE8759E256CF81B008682F9 /* MVTouchBar */ = {
			isa = PBXNativeTarget;
			buildConfigurationList = 3EE875B2256CF81D008682F9 /* Build configuration list for PBXNativeTarget "MVTouchBar" */;
			buildPhases = (
				3EE8759B256CF81B008682F9 /* Sources */,
				3EE8759C256CF81B008682F9 /* Frameworks */,
				3EE8759D256CF81B008682F9 /* Resources */,
				3E89CEF1256E5F5D00B05752 /* Embed Frameworks */,
			);
			buildRules = (
			);
			dependencies = (
			);
			name = MVTouchBar;
			packageProductDependencies = (
				3E89CEFB256E6BA000B05752 /* TouchBarHelper */,
			);
			productName = MVTouchBar;
			productReference = 3EE8759F256CF81B008682F9 /* MVTouchBar.app */;
			productType = "com.apple.product-type.application";
		};
/* End PBXNativeTarget section */

/* Begin PBXProject section */
		3EE87597256CF81B008682F9 /* Project object */ = {
			isa = PBXProject;
			attributes = {
				LastSwiftUpdateCheck = 1220;
				LastUpgradeCheck = 1220;
				TargetAttributes = {
					3EE8759E256CF81B008682F9 = {
						CreatedOnToolsVersion = 12.2;
					};
				};
			};
			buildConfigurationList = 3EE8759A256CF81B008682F9 /* Build configuration list for PBXProject "MVTouchBar" */;
			compatibilityVersion = "Xcode 9.3";
			developmentRegion = en;
			hasScannedForEncodings = 0;
			knownRegions = (
				en,
				Base,
			);
			mainGroup = 3EE87596256CF81B008682F9;
			packageReferences = (
				3E89CEFA256E6BA000B05752 /* XCRemoteSwiftPackageReference "TouchBarHelper" */,
			);
			productRefGroup = 3EE875A0256CF81B008682F9 /* Products */;
			projectDirPath = "";
			projectRoot = "";
			targets = (
				3EE8759E256CF81B008682F9 /* MVTouchBar */,
			);
		};
/* End PBXProject section */

/* Begin PBXResourcesBuildPhase section */
		3EE8759D256CF81B008682F9 /* Resources */ = {
			isa = PBXResourcesBuildPhase;
			buildActionMask = 2147483647;
			files = (
				3EE875AD256CF81D008682F9 /* Main.storyboard in Resources */,
				3EE875AA256CF81D008682F9 /* Preview Assets.xcassets in Resources */,
				3EE875A7256CF81D008682F9 /* Assets.xcassets in Resources */,
			);
			runOnlyForDeploymentPostprocessing = 0;
		};
/* End PBXResourcesBuildPhase section */

/* Begin PBXSourcesBuildPhase section */
		3EE8759B256CF81B008682F9 /* Sources */ = {
			isa = PBXSourcesBuildPhase;
			buildActionMask = 2147483647;
			files = (
				3E89CF03256E767300B05752 /* visualizerItem.swift in Sources */,
				3E89CEB6256E167D00B05752 /* AudioMeterView.swift in Sources */,
				3E89CEBA256E244200B05752 /* SegmentedProgressView.swift in Sources */,
				3EE875B8256CFE84008682F9 /* StatusBarController.swift in Sources */,
				3E89CECE256E33F600B05752 /* StatusBarView.swift in Sources */,
				3EE875A3256CF81B008682F9 /* AppDelegate.swift in Sources */,
				3EF93C2B256D4BB500B30868 /* AudioCapture.swift in Sources */,
				3EE875BB256D007B008682F9 /* EventMonitor.swift in Sources */,
				3E89CEFE256E6C5C00B05752 /* TouchBarController.swift in Sources */,
			);
			runOnlyForDeploymentPostprocessing = 0;
		};
/* End PBXSourcesBuildPhase section */

/* Begin PBXVariantGroup section */
		3EE875AB256CF81D008682F9 /* Main.storyboard */ = {
			isa = PBXVariantGroup;
			children = (
				3EE875AC256CF81D008682F9 /* Base */,
			);
			name = Main.storyboard;
			sourceTree = "<group>";
		};
/* End PBXVariantGroup section */

/* Begin XCBuildConfiguration section */
		3EE875B0256CF81D008682F9 /* Debug */ = {
			isa = XCBuildConfiguration;
			buildSettings = {
				ALWAYS_SEARCH_USER_PATHS = NO;
				CLANG_ANALYZER_NONNULL = YES;
				CLANG_ANALYZER_NUMBER_OBJECT_CONVERSION = YES_AGGRESSIVE;
				CLANG_CXX_LANGUAGE_STANDARD = "gnu++14";
				CLANG_CXX_LIBRARY = "libc++";
				CLANG_ENABLE_MODULES = YES;
				CLANG_ENABLE_OBJC_ARC = YES;
				CLANG_ENABLE_OBJC_WEAK = YES;
				CLANG_WARN_BLOCK_CAPTURE_AUTORELEASING = YES;
				CLANG_WARN_BOOL_CONVERSION = YES;
				CLANG_WARN_COMMA = YES;
				CLANG_WARN_CONSTANT_CONVERSION = YES;
				CLANG_WARN_DEPRECATED_OBJC_IMPLEMENTATIONS = YES;
				CLANG_WARN_DIRECT_OBJC_ISA_USAGE = YES_ERROR;
				CLANG_WARN_DOCUMENTATION_COMMENTS = YES;
				CLANG_WARN_EMPTY_BODY = YES;
				CLANG_WARN_ENUM_CONVERSION = YES;
				CLANG_WARN_INFINITE_RECURSION = YES;
				CLANG_WARN_INT_CONVERSION = YES;
				CLANG_WARN_NON_LITERAL_NULL_CONVERSION = YES;
				CLANG_WARN_OBJC_IMPLICIT_RETAIN_SELF = YES;
				CLANG_WARN_OBJC_LITERAL_CONVERSION = YES;
				CLANG_WARN_OBJC_ROOT_CLASS = YES_ERROR;
				CLANG_WARN_QUOTED_INCLUDE_IN_FRAMEWORK_HEADER = YES;
				CLANG_WARN_RANGE_LOOP_ANALYSIS = YES;
				CLANG_WARN_STRICT_PROTOTYPES = YES;
				CLANG_WARN_SUSPICIOUS_MOVE = YES;
				CLANG_WARN_UNGUARDED_AVAILABILITY = YES_AGGRESSIVE;
				CLANG_WARN_UNREACHABLE_CODE = YES;
				CLANG_WARN__DUPLICATE_METHOD_MATCH = YES;
				COPY_PHASE_STRIP = NO;
				DEBUG_INFORMATION_FORMAT = dwarf;
				ENABLE_STRICT_OBJC_MSGSEND = YES;
				ENABLE_TESTABILITY = YES;
				GCC_C_LANGUAGE_STANDARD = gnu11;
				GCC_DYNAMIC_NO_PIC = NO;
				GCC_NO_COMMON_BLOCKS = YES;
				GCC_OPTIMIZATION_LEVEL = 0;
				GCC_PREPROCESSOR_DEFINITIONS = (
					"DEBUG=1",
					"$(inherited)",
				);
				GCC_WARN_64_TO_32_BIT_CONVERSION = YES;
				GCC_WARN_ABOUT_RETURN_TYPE = YES_ERROR;
				GCC_WARN_UNDECLARED_SELECTOR = YES;
				GCC_WARN_UNINITIALIZED_AUTOS = YES_AGGRESSIVE;
				GCC_WARN_UNUSED_FUNCTION = YES;
				GCC_WARN_UNUSED_VARIABLE = YES;
				MACOSX_DEPLOYMENT_TARGET = 11.0;
				MTL_ENABLE_DEBUG_INFO = INCLUDE_SOURCE;
				MTL_FAST_MATH = YES;
				ONLY_ACTIVE_ARCH = YES;
				SDKROOT = macosx;
				SWIFT_ACTIVE_COMPILATION_CONDITIONS = DEBUG;
				SWIFT_OPTIMIZATION_LEVEL = "-Onone";
			};
			name = Debug;
		};
		3EE875B1256CF81D008682F9 /* Release */ = {
			isa = XCBuildConfiguration;
			buildSettings = {
				ALWAYS_SEARCH_USER_PATHS = NO;
				CLANG_ANALYZER_NONNULL = YES;
				CLANG_ANALYZER_NUMBER_OBJECT_CONVERSION = YES_AGGRESSIVE;
				CLANG_CXX_LANGUAGE_STANDARD = "gnu++14";
				CLANG_CXX_LIBRARY = "libc++";
				CLANG_ENABLE_MODULES = YES;
				CLANG_ENABLE_OBJC_ARC = YES;
				CLANG_ENABLE_OBJC_WEAK = YES;
				CLANG_WARN_BLOCK_CAPTURE_AUTORELEASING = YES;
				CLANG_WARN_BOOL_CONVERSION = YES;
				CLANG_WARN_COMMA = YES;
				CLANG_WARN_CONSTANT_CONVERSION = YES;
				CLANG_WARN_DEPRECATED_OBJC_IMPLEMENTATIONS = YES;
				CLANG_WARN_DIRECT_OBJC_ISA_USAGE = YES_ERROR;
				CLANG_WARN_DOCUMENTATION_COMMENTS = YES;
				CLANG_WARN_EMPTY_BODY = YES;
				CLANG_WARN_ENUM_CONVERSION = YES;
				CLANG_WARN_INFINITE_RECURSION = YES;
				CLANG_WARN_INT_CONVERSION = YES;
				CLANG_WARN_NON_LITERAL_NULL_CONVERSION = YES;
				CLANG_WARN_OBJC_IMPLICIT_RETAIN_SELF = YES;
				CLANG_WARN_OBJC_LITERAL_CONVERSION = YES;
				CLANG_WARN_OBJC_ROOT_CLASS = YES_ERROR;
				CLANG_WARN_QUOTED_INCLUDE_IN_FRAMEWORK_HEADER = YES;
				CLANG_WARN_RANGE_LOOP_ANALYSIS = YES;
				CLANG_WARN_STRICT_PROTOTYPES = YES;
				CLANG_WARN_SUSPICIOUS_MOVE = YES;
				CLANG_WARN_UNGUARDED_AVAILABILITY = YES_AGGRESSIVE;
				CLANG_WARN_UNREACHABLE_CODE = YES;
				CLANG_WARN__DUPLICATE_METHOD_MATCH = YES;
				COPY_PHASE_STRIP = NO;
				DEBUG_INFORMATION_FORMAT = "dwarf-with-dsym";
				ENABLE_NS_ASSERTIONS = NO;
				ENABLE_STRICT_OBJC_MSGSEND = YES;
				GCC_C_LANGUAGE_STANDARD = gnu11;
				GCC_NO_COMMON_BLOCKS = YES;
				GCC_WARN_64_TO_32_BIT_CONVERSION = YES;
				GCC_WARN_ABOUT_RETURN_TYPE = YES_ERROR;
				GCC_WARN_UNDECLARED_SELECTOR = YES;
				GCC_WARN_UNINITIALIZED_AUTOS = YES_AGGRESSIVE;
				GCC_WARN_UNUSED_FUNCTION = YES;
				GCC_WARN_UNUSED_VARIABLE = YES;
				MACOSX_DEPLOYMENT_TARGET = 11.0;
				MTL_ENABLE_DEBUG_INFO = NO;
				MTL_FAST_MATH = YES;
				SDKROOT = macosx;
				SWIFT_COMPILATION_MODE = wholemodule;
				SWIFT_OPTIMIZATION_LEVEL = "-O";
			};
			name = Release;
		};
		3EE875B3256CF81D008682F9 /* Debug */ = {
			isa = XCBuildConfiguration;
			buildSettings = {
				ASSETCATALOG_COMPILER_APPICON_NAME = AppIcon;
				ASSETCATALOG_COMPILER_GLOBAL_ACCENT_COLOR_NAME = AccentColor;
				CODE_SIGN_ENTITLEMENTS = MVTouchBar/MVTouchBar.entitlements;
				CODE_SIGN_STYLE = Automatic;
				COMBINE_HIDPI_IMAGES = YES;
				DEVELOPMENT_ASSET_PATHS = "\"MVTouchBar/Preview Content\"";
				ENABLE_PREVIEWS = YES;
				FRAMEWORK_SEARCH_PATHS = (
					"$(inherited)",
					"$(PROJECT_DIR)",
				);
				INFOPLIST_FILE = MVTouchBar/Info.plist;
				LD_RUNPATH_SEARCH_PATHS = (
					"$(inherited)",
					"@executable_path/../Frameworks",
				);
				MACOSX_DEPLOYMENT_TARGET = 10.15;
				PRODUCT_BUNDLE_IDENTIFIER = touchbarapps.MVTouchBar;
				PRODUCT_NAME = "$(TARGET_NAME)";
				SWIFT_VERSION = 5.0;
				SYSTEM_FRAMEWORK_SEARCH_PATHS = (
					"$(inherited)",
					"$(SYSTEM_LIBRARY_DIR)/PrivateFrameworks",
				);
			};
			name = Debug;
		};
		3EE875B4256CF81D008682F9 /* Release */ = {
			isa = XCBuildConfiguration;
			buildSettings = {
				ASSETCATALOG_COMPILER_APPICON_NAME = AppIcon;
				ASSETCATALOG_COMPILER_GLOBAL_ACCENT_COLOR_NAME = AccentColor;
				CODE_SIGN_ENTITLEMENTS = MVTouchBar/MVTouchBar.entitlements;
				CODE_SIGN_STYLE = Automatic;
				COMBINE_HIDPI_IMAGES = YES;
				DEVELOPMENT_ASSET_PATHS = "\"MVTouchBar/Preview Content\"";
				ENABLE_PREVIEWS = YES;
				FRAMEWORK_SEARCH_PATHS = (
					"$(inherited)",
					"$(PROJECT_DIR)",
				);
				INFOPLIST_FILE = MVTouchBar/Info.plist;
				LD_RUNPATH_SEARCH_PATHS = (
					"$(inherited)",
					"@executable_path/../Frameworks",
				);
				MACOSX_DEPLOYMENT_TARGET = 10.15;
				PRODUCT_BUNDLE_IDENTIFIER = touchbarapps.MVTouchBar;
				PRODUCT_NAME = "$(TARGET_NAME)";
				SWIFT_VERSION = 5.0;
				SYSTEM_FRAMEWORK_SEARCH_PATHS = (
					"$(inherited)",
					"$(SYSTEM_LIBRARY_DIR)/PrivateFrameworks",
				);
			};
			name = Release;
		};
/* End XCBuildConfiguration section */

/* Begin XCConfigurationList section */
		3EE8759A256CF81B008682F9 /* Build configuration list for PBXProject "MVTouchBar" */ = {
			isa = XCConfigurationList;
			buildConfigurations = (
				3EE875B0256CF81D008682F9 /* Debug */,
				3EE875B1256CF81D008682F9 /* Release */,
			);
			defaultConfigurationIsVisible = 0;
			defaultConfigurationName = Release;
		};
		3EE875B2256CF81D008682F9 /* Build configuration list for PBXNativeTarget "MVTouchBar" */ = {
			isa = XCConfigurationList;
			buildConfigurations = (
				3EE875B3256CF81D008682F9 /* Debug */,
				3EE875B4256CF81D008682F9 /* Release */,
			);
			defaultConfigurationIsVisible = 0;
			defaultConfigurationName = Release;
		};
/* End XCConfigurationList section */

/* Begin XCRemoteSwiftPackageReference section */
		3E89CEFA256E6BA000B05752 /* XCRemoteSwiftPackageReference "TouchBarHelper" */ = {
			isa = XCRemoteSwiftPackageReference;
			repositoryURL = "https://github.com/darshkpatel/TouchBarHelper";
			requirement = {
				branch = master;
				kind = branch;
			};
		};
/* End XCRemoteSwiftPackageReference section */

/* Begin XCSwiftPackageProductDependency section */
		3E89CEFB256E6BA000B05752 /* TouchBarHelper */ = {
			isa = XCSwiftPackageProductDependency;
			package = 3E89CEFA256E6BA000B05752 /* XCRemoteSwiftPackageReference "TouchBarHelper" */;
			productName = TouchBarHelper;
		};
/* End XCSwiftPackageProductDependency section */
	};
	rootObject = 3EE87597256CF81B008682F9 /* Project object */;
}
