// !$*UTF8*$!
{
	archiveVersion = 1;
	classes = {
	};
	objectVersion = 50;
	objects = {

/* Begin PBXBuildFile section */
		3E89CECE256E33F600B05752 /* StatusBarView.swift in Sources */ = {isa = PBXBuildFile; fileRef = 3E89CECD256E33F600B05752 /* StatusBarView.swift */; };
		3EE875A3256CF81B008682F9 /* AppDelegate.swift in Sources */ = {isa = PBXBuildFile; fileRef = 3EE875A2256CF81B008682F9 /* AppDelegate.swift */; };
		3EE875A7256CF81D008682F9 /* Assets.xcassets in Resources */ = {isa = PBXBuildFile; fileRef = 3EE875A6256CF81D008682F9 /* Assets.xcassets */; };
		3EE875AA256CF81D008682F9 /* Preview Assets.xcassets in Resources */ = {isa = PBXBuildFile; fileRef = 3EE875A9256CF81D008682F9 /* Preview Assets.xcassets */; };
		3EE875B8256CFE84008682F9 /* StatusBarController.swift in Sources */ = {isa = PBXBuildFile; fileRef = 3EE875B7256CFE84008682F9 /* StatusBarController.swift */; };
		3EE875BB256D007B008682F9 /* EventMonitor.swift in Sources */ = {isa = PBXBuildFile; fileRef = 3EE875BA256D007B008682F9 /* EventMonitor.swift */; };
		3EFCF1EB256E9C7D001E2220 /* volume.swift in Sources */ = {isa = PBXBuildFile; fileRef = 3EFCF1EA256E9C7D001E2220 /* volume.swift */; };
		3EFCF1EF256EA25A001E2220 /* barsScene.swift in Sources */ = {isa = PBXBuildFile; fileRef = 3EFCF1EE256EA25A001E2220 /* barsScene.swift */; };
		3EFCF1FE256EC6A4001E2220 /* DFRFoundation.framework in Frameworks */ = {isa = PBXBuildFile; fileRef = 3EFCF1FD256EC6A4001E2220 /* DFRFoundation.framework */; };
		3EFCF21F256ECFAD001E2220 /* WindowController.swift in Sources */ = {isa = PBXBuildFile; fileRef = 3EFCF21E256ECFAD001E2220 /* WindowController.swift */; };
		3EFCF222256ECFB9001E2220 /* ViewController.swift in Sources */ = {isa = PBXBuildFile; fileRef = 3EFCF221256ECFB9001E2220 /* ViewController.swift */; };
		3EFCF225256ED071001E2220 /* Main.storyboard in Resources */ = {isa = PBXBuildFile; fileRef = 3EFCF224256ED071001E2220 /* Main.storyboard */; };
		3EFCF232256F9FC3001E2220 /* spritekitView.swift in Sources */ = {isa = PBXBuildFile; fileRef = 3EFCF231256F9FC3001E2220 /* spritekitView.swift */; };
		3EFCF251256FB6C8001E2220 /* Credits.rtf in Resources */ = {isa = PBXBuildFile; fileRef = 3EFCF250256FB6C8001E2220 /* Credits.rtf */; };
/* End PBXBuildFile section */

/* Begin PBXFileReference section */
		3E89CECD256E33F600B05752 /* StatusBarView.swift */ = {isa = PBXFileReference; lastKnownFileType = sourcecode.swift; path = StatusBarView.swift; sourceTree = "<group>"; };
		3EE8759F256CF81B008682F9 /* MVTouchBar.app */ = {isa = PBXFileReference; explicitFileType = wrapper.application; includeInIndex = 0; path = MVTouchBar.app; sourceTree = BUILT_PRODUCTS_DIR; };
		3EE875A2256CF81B008682F9 /* AppDelegate.swift */ = {isa = PBXFileReference; lastKnownFileType = sourcecode.swift; path = AppDelegate.swift; sourceTree = "<group>"; };
		3EE875A6256CF81D008682F9 /* Assets.xcassets */ = {isa = PBXFileReference; lastKnownFileType = folder.assetcatalog; path = Assets.xcassets; sourceTree = "<group>"; };
		3EE875A9256CF81D008682F9 /* Preview Assets.xcassets */ = {isa = PBXFileReference; lastKnownFileType = folder.assetcatalog; path = "Preview Assets.xcassets"; sourceTree = "<group>"; };
		3EE875AE256CF81D008682F9 /* Info.plist */ = {isa = PBXFileReference; lastKnownFileType = text.plist.xml; path = Info.plist; sourceTree = "<group>"; };
		3EE875AF256CF81D008682F9 /* MVTouchBar.entitlements */ = {isa = PBXFileReference; lastKnownFileType = text.plist.entitlements; path = MVTouchBar.entitlements; sourceTree = "<group>"; };
		3EE875B7256CFE84008682F9 /* StatusBarController.swift */ = {isa = PBXFileReference; lastKnownFileType = sourcecode.swift; path = StatusBarController.swift; sourceTree = "<group>"; };
		3EE875BA256D007B008682F9 /* EventMonitor.swift */ = {isa = PBXFileReference; lastKnownFileType = sourcecode.swift; path = EventMonitor.swift; sourceTree = "<group>"; };
		3EFCF1EA256E9C7D001E2220 /* volume.swift */ = {isa = PBXFileReference; fileEncoding = 4; lastKnownFileType = sourcecode.swift; path = volume.swift; sourceTree = "<group>"; };
		3EFCF1EE256EA25A001E2220 /* barsScene.swift */ = {isa = PBXFileReference; fileEncoding = 4; lastKnownFileType = sourcecode.swift; path = barsScene.swift; sourceTree = "<group>"; };
		3EFCF1FD256EC6A4001E2220 /* DFRFoundation.framework */ = {isa = PBXFileReference; lastKnownFileType = wrapper.framework; name = DFRFoundation.framework; path = ../../../../../System/Library/PrivateFrameworks/DFRFoundation.framework; sourceTree = "<group>"; };
		3EFCF21B256ECF1A001E2220 /* TouchBarPrivateApi.h */ = {isa = PBXFileReference; fileEncoding = 4; lastKnownFileType = sourcecode.c.h; path = TouchBarPrivateApi.h; sourceTree = "<group>"; };
		3EFCF21C256ECF1A001E2220 /* MVTouchBar-Bridging-Header.h */ = {isa = PBXFileReference; fileEncoding = 4; lastKnownFileType = sourcecode.c.h; path = "MVTouchBar-Bridging-Header.h"; sourceTree = "<group>"; };
		3EFCF21E256ECFAD001E2220 /* WindowController.swift */ = {isa = PBXFileReference; fileEncoding = 4; lastKnownFileType = sourcecode.swift; path = WindowController.swift; sourceTree = "<group>"; };
		3EFCF221256ECFB9001E2220 /* ViewController.swift */ = {isa = PBXFileReference; fileEncoding = 4; lastKnownFileType = sourcecode.swift; path = ViewController.swift; sourceTree = "<group>"; };
		3EFCF224256ED071001E2220 /* Main.storyboard */ = {isa = PBXFileReference; fileEncoding = 4; lastKnownFileType = file.storyboard; path = Main.storyboard; sourceTree = "<group>"; };
		3EFCF231256F9FC3001E2220 /* spritekitView.swift */ = {isa = PBXFileReference; fileEncoding = 4; lastKnownFileType = sourcecode.swift; path = spritekitView.swift; sourceTree = "<group>"; };
		3EFCF250256FB6C8001E2220 /* Credits.rtf */ = {isa = PBXFileReference; fileEncoding = 4; lastKnownFileType = text.rtf; path = Credits.rtf; sourceTree = "<group>"; };
/* End PBXFileReference section */

/* Begin PBXFrameworksBuildPhase section */
		3EE8759C256CF81B008682F9 /* Frameworks */ = {
			isa = PBXFrameworksBuildPhase;
			buildActionMask = 2147483647;
			files = (
				3EFCF1FE256EC6A4001E2220 /* DFRFoundation.framework in Frameworks */,
			);
			runOnlyForDeploymentPostprocessing = 0;
		};
/* End PBXFrameworksBuildPhase section */

/* Begin PBXGroup section */
		3E89CED4256E5E0A00B05752 /* Frameworks */ = {
			isa = PBXGroup;
			children = (
				3EFCF1FD256EC6A4001E2220 /* DFRFoundation.framework */,
			);
			name = Frameworks;
			sourceTree = "<group>";
		};
		3EE87596256CF81B008682F9 = {
			isa = PBXGroup;
			children = (
				3EE875A1256CF81B008682F9 /* MVTouchBar */,
				3EE875A0256CF81B008682F9 /* Products */,
				3E89CED4256E5E0A00B05752 /* Frameworks */,
			);
			sourceTree = "<group>";
		};
		3EE875A0256CF81B008682F9 /* Products */ = {
			isa = PBXGroup;
			children = (
				3EE8759F256CF81B008682F9 /* MVTouchBar.app */,
			);
			name = Products;
			sourceTree = "<group>";
		};
		3EE875A1256CF81B008682F9 /* MVTouchBar */ = {
			isa = PBXGroup;
			children = (
				3EFCF246256FB5FB001E2220 /* Resources */,
				3EFCF1EA256E9C7D001E2220 /* volume.swift */,
				3EFCF1EE256EA25A001E2220 /* barsScene.swift */,
				3EFCF221256ECFB9001E2220 /* ViewController.swift */,
				3EFCF231256F9FC3001E2220 /* spritekitView.swift */,
				3EFCF21E256ECFAD001E2220 /* WindowController.swift */,
				3EE875A2256CF81B008682F9 /* AppDelegate.swift */,
				3EE875BA256D007B008682F9 /* EventMonitor.swift */,
				3EE875B7256CFE84008682F9 /* StatusBarController.swift */,
				3E89CECD256E33F600B05752 /* StatusBarView.swift */,
				3EE875A6256CF81D008682F9 /* Assets.xcassets */,
				3EFCF224256ED071001E2220 /* Main.storyboard */,
				3EE875AE256CF81D008682F9 /* Info.plist */,
				3EFCF21B256ECF1A001E2220 /* TouchBarPrivateApi.h */,
				3EFCF21C256ECF1A001E2220 /* MVTouchBar-Bridging-Header.h */,
				3EE875AF256CF81D008682F9 /* MVTouchBar.entitlements */,
				3EE875A8256CF81D008682F9 /* Preview Content */,
			);
			path = MVTouchBar;
			sourceTree = "<group>";
		};
		3EE875A8256CF81D008682F9 /* Preview Content */ = {
			isa = PBXGroup;
			children = (
				3EE875A9256CF81D008682F9 /* Preview Assets.xcassets */,
			);
			path = "Preview Content";
			sourceTree = "<group>";
		};
		3EFCF246256FB5FB001E2220 /* Resources */ = {
			isa = PBXGroup;
			children = (
				3EFCF250256FB6C8001E2220 /* Credits.rtf */,
			);
			path = Resources;
			sourceTree = "<group>";
		};
/* End PBXGroup section */

/* Begin PBXNativeTarget section */
		3EE8759E256CF81B008682F9 /* MVTouchBar */ = {
			isa = PBXNativeTarget;
			buildConfigurationList = 3EE875B2256CF81D008682F9 /* Build configuration list for PBXNativeTarget "MVTouchBar" */;
			buildPhases = (
				3EE8759B256CF81B008682F9 /* Sources */,
				3EE8759C256CF81B008682F9 /* Frameworks */,
				3EE8759D256CF81B008682F9 /* Resources */,
			);
			buildRules = (
			);
			dependencies = (
			);
			name = MVTouchBar;
			packageProductDependencies = (
			);
			productName = MVTouchBar;
			productReference = 3EE8759F256CF81B008682F9 /* MVTouchBar.app */;
			productType = "com.apple.product-type.application";
		};
/* End PBXNativeTarget section */

/* Begin PBXProject section */
		3EE87597256CF81B008682F9 /* Project object */ = {
			isa = PBXProject;
			attributes = {
				LastSwiftUpdateCheck = 1220;
				LastUpgradeCheck = 1220;
				TargetAttributes = {
					3EE8759E256CF81B008682F9 = {
						CreatedOnToolsVersion = 12.2;
					};
				};
			};
			buildConfigurationList = 3EE8759A256CF81B008682F9 /* Build configuration list for PBXProject "MVTouchBar" */;
			compatibilityVersion = "Xcode 9.3";
			developmentRegion = en;
			hasScannedForEncodings = 0;
			knownRegions = (
				en,
				Base,
			);
			mainGroup = 3EE87596256CF81B008682F9;
			packageReferences = (
			);
			productRefGroup = 3EE875A0256CF81B008682F9 /* Products */;
			projectDirPath = "";
			projectRoot = "";
			targets = (
				3EE8759E256CF81B008682F9 /* MVTouchBar */,
			);
		};
/* End PBXProject section */

/* Begin PBXResourcesBuildPhase section */
		3EE8759D256CF81B008682F9 /* Resources */ = {
			isa = PBXResourcesBuildPhase;
			buildActionMask = 2147483647;
			files = (
				3EE875AA256CF81D008682F9 /* Preview Assets.xcassets in Resources */,
				3EE875A7256CF81D008682F9 /* Assets.xcassets in Resources */,
				3EFCF225256ED071001E2220 /* Main.storyboard in Resources */,
				3EFCF251256FB6C8001E2220 /* Credits.rtf in Resources */,
			);
			runOnlyForDeploymentPostprocessing = 0;
		};
/* End PBXResourcesBuildPhase section */

/* Begin PBXSourcesBuildPhase section */
		3EE8759B256CF81B008682F9 /* Sources */ = {
			isa = PBXSourcesBuildPhase;
			buildActionMask = 2147483647;
			files = (
				3EE875B8256CFE84008682F9 /* StatusBarController.swift in Sources */,
				3EFCF222256ECFB9001E2220 /* ViewController.swift in Sources */,
				3E89CECE256E33F600B05752 /* StatusBarView.swift in Sources */,
				3EFCF1EB256E9C7D001E2220 /* volume.swift in Sources */,
				3EFCF1EF256EA25A001E2220 /* barsScene.swift in Sources */,
				3EFCF21F256ECFAD001E2220 /* WindowController.swift in Sources */,
				3EE875A3256CF81B008682F9 /* AppDelegate.swift in Sources */,
				3EFCF232256F9FC3001E2220 /* spritekitView.swift in Sources */,
				3EE875BB256D007B008682F9 /* EventMonitor.swift in Sources */,
			);
			runOnlyForDeploymentPostprocessing = 0;
		};
/* End PBXSourcesBuildPhase section */

/* Begin XCBuildConfiguration section */
		3EE875B0256CF81D008682F9 /* Debug */ = {
			isa = XCBuildConfiguration;
			buildSettings = {
				ALWAYS_SEARCH_USER_PATHS = NO;
				CLANG_ANALYZER_NONNULL = YES;
				CLANG_ANALYZER_NUMBER_OBJECT_CONVERSION = YES_AGGRESSIVE;
				CLANG_CXX_LANGUAGE_STANDARD = "gnu++14";
				CLANG_CXX_LIBRARY = "libc++";
				CLANG_ENABLE_MODULES = YES;
				CLANG_ENABLE_OBJC_ARC = YES;
				CLANG_ENABLE_OBJC_WEAK = YES;
				CLANG_WARN_BLOCK_CAPTURE_AUTORELEASING = YES;
				CLANG_WARN_BOOL_CONVERSION = YES;
				CLANG_WARN_COMMA = YES;
				CLANG_WARN_CONSTANT_CONVERSION = YES;
				CLANG_WARN_DEPRECATED_OBJC_IMPLEMENTATIONS = YES;
				CLANG_WARN_DIRECT_OBJC_ISA_USAGE = YES_ERROR;
				CLANG_WARN_DOCUMENTATION_COMMENTS = YES;
				CLANG_WARN_EMPTY_BODY = YES;
				CLANG_WARN_ENUM_CONVERSION = YES;
				CLANG_WARN_INFINITE_RECURSION = YES;
				CLANG_WARN_INT_CONVERSION = YES;
				CLANG_WARN_NON_LITERAL_NULL_CONVERSION = YES;
				CLANG_WARN_OBJC_IMPLICIT_RETAIN_SELF = YES;
				CLANG_WARN_OBJC_LITERAL_CONVERSION = YES;
				CLANG_WARN_OBJC_ROOT_CLASS = YES_ERROR;
				CLANG_WARN_QUOTED_INCLUDE_IN_FRAMEWORK_HEADER = YES;
				CLANG_WARN_RANGE_LOOP_ANALYSIS = YES;
				CLANG_WARN_STRICT_PROTOTYPES = YES;
				CLANG_WARN_SUSPICIOUS_MOVE = YES;
				CLANG_WARN_UNGUARDED_AVAILABILITY = YES_AGGRESSIVE;
				CLANG_WARN_UNREACHABLE_CODE = YES;
				CLANG_WARN__DUPLICATE_METHOD_MATCH = YES;
				COPY_PHASE_STRIP = NO;
				DEBUG_INFORMATION_FORMAT = dwarf;
				ENABLE_STRICT_OBJC_MSGSEND = YES;
				ENABLE_TESTABILITY = YES;
				GCC_C_LANGUAGE_STANDARD = gnu11;
				GCC_DYNAMIC_NO_PIC = NO;
				GCC_NO_COMMON_BLOCKS = YES;
				GCC_OPTIMIZATION_LEVEL = 0;
				GCC_PREPROCESSOR_DEFINITIONS = (
					"DEBUG=1",
					"$(inherited)",
				);
				GCC_WARN_64_TO_32_BIT_CONVERSION = YES;
				GCC_WARN_ABOUT_RETURN_TYPE = YES_ERROR;
				GCC_WARN_UNDECLARED_SELECTOR = YES;
				GCC_WARN_UNINITIALIZED_AUTOS = YES_AGGRESSIVE;
				GCC_WARN_UNUSED_FUNCTION = YES;
				GCC_WARN_UNUSED_VARIABLE = YES;
				MACOSX_DEPLOYMENT_TARGET = 11.0;
				MTL_ENABLE_DEBUG_INFO = INCLUDE_SOURCE;
				MTL_FAST_MATH = YES;
				ONLY_ACTIVE_ARCH = YES;
				SDKROOT = macosx;
				SWIFT_ACTIVE_COMPILATION_CONDITIONS = DEBUG;
				SWIFT_OBJC_BRIDGING_HEADER = "";
				SWIFT_OPTIMIZATION_LEVEL = "-Onone";
			};
			name = Debug;
		};
		3EE875B1256CF81D008682F9 /* Release */ = {
			isa = XCBuildConfiguration;
			buildSettings = {
				ALWAYS_SEARCH_USER_PATHS = NO;
				CLANG_ANALYZER_NONNULL = YES;
				CLANG_ANALYZER_NUMBER_OBJECT_CONVERSION = YES_AGGRESSIVE;
				CLANG_CXX_LANGUAGE_STANDARD = "gnu++14";
				CLANG_CXX_LIBRARY = "libc++";
				CLANG_ENABLE_MODULES = YES;
				CLANG_ENABLE_OBJC_ARC = YES;
				CLANG_ENABLE_OBJC_WEAK = YES;
				CLANG_WARN_BLOCK_CAPTURE_AUTORELEASING = YES;
				CLANG_WARN_BOOL_CONVERSION = YES;
				CLANG_WARN_COMMA = YES;
				CLANG_WARN_CONSTANT_CONVERSION = YES;
				CLANG_WARN_DEPRECATED_OBJC_IMPLEMENTATIONS = YES;
				CLANG_WARN_DIRECT_OBJC_ISA_USAGE = YES_ERROR;
				CLANG_WARN_DOCUMENTATION_COMMENTS = YES;
				CLANG_WARN_EMPTY_BODY = YES;
				CLANG_WARN_ENUM_CONVERSION = YES;
				CLANG_WARN_INFINITE_RECURSION = YES;
				CLANG_WARN_INT_CONVERSION = YES;
				CLANG_WARN_NON_LITERAL_NULL_CONVERSION = YES;
				CLANG_WARN_OBJC_IMPLICIT_RETAIN_SELF = YES;
				CLANG_WARN_OBJC_LITERAL_CONVERSION = YES;
				CLANG_WARN_OBJC_ROOT_CLASS = YES_ERROR;
				CLANG_WARN_QUOTED_INCLUDE_IN_FRAMEWORK_HEADER = YES;
				CLANG_WARN_RANGE_LOOP_ANALYSIS = YES;
				CLANG_WARN_STRICT_PROTOTYPES = YES;
				CLANG_WARN_SUSPICIOUS_MOVE = YES;
				CLANG_WARN_UNGUARDED_AVAILABILITY = YES_AGGRESSIVE;
				CLANG_WARN_UNREACHABLE_CODE = YES;
				CLANG_WARN__DUPLICATE_METHOD_MATCH = YES;
				COPY_PHASE_STRIP = NO;
				DEBUG_INFORMATION_FORMAT = "dwarf-with-dsym";
				ENABLE_NS_ASSERTIONS = NO;
				ENABLE_STRICT_OBJC_MSGSEND = YES;
				GCC_C_LANGUAGE_STANDARD = gnu11;
				GCC_NO_COMMON_BLOCKS = YES;
				GCC_WARN_64_TO_32_BIT_CONVERSION = YES;
				GCC_WARN_ABOUT_RETURN_TYPE = YES_ERROR;
				GCC_WARN_UNDECLARED_SELECTOR = YES;
				GCC_WARN_UNINITIALIZED_AUTOS = YES_AGGRESSIVE;
				GCC_WARN_UNUSED_FUNCTION = YES;
				GCC_WARN_UNUSED_VARIABLE = YES;
				MACOSX_DEPLOYMENT_TARGET = 11.0;
				MTL_ENABLE_DEBUG_INFO = NO;
				MTL_FAST_MATH = YES;
				SDKROOT = macosx;
				SWIFT_COMPILATION_MODE = wholemodule;
				SWIFT_OBJC_BRIDGING_HEADER = "";
				SWIFT_OPTIMIZATION_LEVEL = "-O";
			};
			name = Release;
		};
		3EE875B3256CF81D008682F9 /* Debug */ = {
			isa = XCBuildConfiguration;
			buildSettings = {
				ASSETCATALOG_COMPILER_APPICON_NAME = AppIcon;
				ASSETCATALOG_COMPILER_GLOBAL_ACCENT_COLOR_NAME = AccentColor;
				CODE_SIGN_ENTITLEMENTS = MVTouchBar/MVTouchBar.entitlements;
				CODE_SIGN_STYLE = Automatic;
				COMBINE_HIDPI_IMAGES = YES;
				DEVELOPMENT_ASSET_PATHS = "\"MVTouchBar/Preview Content\"";
				ENABLE_PREVIEWS = YES;
				FRAMEWORK_SEARCH_PATHS = (
					"$(inherited)",
					"$(PROJECT_DIR)",
				);
				INFOPLIST_FILE = MVTouchBar/Info.plist;
				LD_RUNPATH_SEARCH_PATHS = (
					"$(inherited)",
					"@executable_path/../Frameworks",
				);
				MACOSX_DEPLOYMENT_TARGET = 10.15;
				PRODUCT_BUNDLE_IDENTIFIER = touchbarapps.MVTouchBar;
				PRODUCT_NAME = "$(TARGET_NAME)";
				SWIFT_OBJC_BRIDGING_HEADER = "MVTouchBar/MVTouchBar-Bridging-Header.h";
				SWIFT_PRECOMPILE_BRIDGING_HEADER = YES;
				SWIFT_VERSION = 5.0;
				SYSTEM_FRAMEWORK_SEARCH_PATHS = (
					"$(inherited)",
					"$(SYSTEM_LIBRARY_DIR)/PrivateFrameworks",
				);
			};
			name = Debug;
		};
		3EE875B4256CF81D008682F9 /* Release */ = {
			isa = XCBuildConfiguration;
			buildSettings = {
				ASSETCATALOG_COMPILER_APPICON_NAME = AppIcon;
				ASSETCATALOG_COMPILER_GLOBAL_ACCENT_COLOR_NAME = AccentColor;
				CODE_SIGN_ENTITLEMENTS = MVTouchBar/MVTouchBar.entitlements;
				CODE_SIGN_STYLE = Automatic;
				COMBINE_HIDPI_IMAGES = YES;
				DEVELOPMENT_ASSET_PATHS = "\"MVTouchBar/Preview Content\"";
				ENABLE_PREVIEWS = YES;
				FRAMEWORK_SEARCH_PATHS = (
					"$(inherited)",
					"$(PROJECT_DIR)",
				);
				INFOPLIST_FILE = MVTouchBar/Info.plist;
				LD_RUNPATH_SEARCH_PATHS = (
					"$(inherited)",
					"@executable_path/../Frameworks",
				);
				MACOSX_DEPLOYMENT_TARGET = 10.15;
				PRODUCT_BUNDLE_IDENTIFIER = touchbarapps.MVTouchBar;
				PRODUCT_NAME = "$(TARGET_NAME)";
				SWIFT_OBJC_BRIDGING_HEADER = "MVTouchBar/MVTouchBar-Bridging-Header.h";
				SWIFT_PRECOMPILE_BRIDGING_HEADER = YES;
				SWIFT_VERSION = 5.0;
				SYSTEM_FRAMEWORK_SEARCH_PATHS = (
					"$(inherited)",
					"$(SYSTEM_LIBRARY_DIR)/PrivateFrameworks",
				);
			};
			name = Release;
		};
/* End XCBuildConfiguration section */

/* Begin XCConfigurationList section */
		3EE8759A256CF81B008682F9 /* Build configuration list for PBXProject "MVTouchBar" */ = {
			isa = XCConfigurationList;
			buildConfigurations = (
				3EE875B0256CF81D008682F9 /* Debug */,
				3EE875B1256CF81D008682F9 /* Release */,
			);
			defaultConfigurationIsVisible = 0;
			defaultConfigurationName = Release;
		};
		3EE875B2256CF81D008682F9 /* Build configuration list for PBXNativeTarget "MVTouchBar" */ = {
			isa = XCConfigurationList;
			buildConfigurations = (
				3EE875B3256CF81D008682F9 /* Debug */,
				3EE875B4256CF81D008682F9 /* Release */,
			);
			defaultConfigurationIsVisible = 0;
			defaultConfigurationName = Release;
		};
/* End XCConfigurationList section */
	};
	rootObject = 3EE87597256CF81B008682F9 /* Project object */;
}
